// !$*UTF8*$!
{
	archiveVersion = 1;
	classes = {
	};
	objectVersion = 54;
	objects = {

/* Begin PBXBuildFile section */
		1058B9562FE2A31A007E7A8D /* GPSLogger.swift in Sources */ = {isa = PBXBuildFile; fileRef = 1058B9552FE2A31A007E7A8D /* GPSLogger.swift */; };
		1058B9582FE2A53C007E7A8D /* LocationModeManager.swift in Sources */ = {isa = PBXBuildFile; fileRef = 1058B9572FE2A53C007E7A8D /* LocationModeManager.swift */; };
		1058B95A2FE2A6E9007E7A8D /* GPSTrackSmoother.swift in Sources */ = {isa = PBXBuildFile; fileRef = 1058B9592FE2A6E9007E7A8D /* GPSTrackSmoother.swift */; };
		1058B95C2FE2AB0C007E7A8D /* LocationPersistenceStore.swift in Sources */ = {isa = PBXBuildFile; fileRef = 1058B95B2FE2AB0C007E7A8D /* LocationPersistenceStore.swift */; };
		1058B95E2FE2AB8D007E7A8D /* LocationUploader.swift in Sources */ = {isa = PBXBuildFile; fileRef = 1058B95D2FE2AB8D007E7A8D /* LocationUploader.swift */; };
		1058B9602FE2ABF1007E7A8D /* LocationFilterPipeline.swift in Sources */ = {isa = PBXBuildFile; fileRef = 1058B95F2FE2ABF1007E7A8D /* LocationFilterPipeline.swift */; };
		1058B9622FE2AC86007E7A8D /* PreciseLocationAlertPresenter.swift in Sources */ = {isa = PBXBuildFile; fileRef = 1058B9612FE2AC86007E7A8D /* PreciseLocationAlertPresenter.swift */; };
		1058B9642FE2AEA1007E7A8D /* PermissionGate.swift in Sources */ = {isa = PBXBuildFile; fileRef = 1058B9632FE2AEA1007E7A8D /* PermissionGate.swift */; };
		1058B9712FE2B000007E7A8D /* Log.swift in Sources */ = {isa = PBXBuildFile; fileRef = 1058B9702FE2B000007E7A8D /* Log.swift */; };
		1058B9732FE2B000007E7A8D /* URLRequest+cURL.swift in Sources */ = {isa = PBXBuildFile; fileRef = 1058B9722FE2B000007E7A8D /* URLRequest+cURL.swift */; };
		10D8ED0A2FEABB2D0059D8E6 /* LocationDataModel.xcdatamodeld in Sources */ = {isa = PBXBuildFile; fileRef = 10D8ED082FEABB2D0059D8E6 /* LocationDataModel.xcdatamodeld */; };
		10E683092FEBCF5000C89361 /* GPSKalmanSmoother.swift in Sources */ = {isa = PBXBuildFile; fileRef = 10E683082FEBCF5000C89361 /* GPSKalmanSmoother.swift */; };
		13B07FBF1A68108700A75B9A /* Images.xcassets in Resources */ = {isa = PBXBuildFile; fileRef = 13B07FB51A68108700A75B9A /* Images.xcassets */; };
		56A35D1A0F834D6EB3CC011D /* StoredLocation.swift in Sources */ = {isa = PBXBuildFile; fileRef = 1D6D20E0E1EC4F45B07B9C93 /* StoredLocation.swift */; };
		68E9D63A51E82699821398A5 /* PrivacyInfo.xcprivacy in Resources */ = {isa = PBXBuildFile; fileRef = 13B07FB81A68108700A75B9A /* PrivacyInfo.xcprivacy */; };
		6DAA43B9C247F1795AB3472F /* libPods-bbb_smart_system.a in Frameworks */ = {isa = PBXBuildFile; fileRef = 230B942AFE9B9881B09F5354 /* libPods-bbb_smart_system.a */; };
		761780ED2CA45674006654EE /* AppDelegate.swift in Sources */ = {isa = PBXBuildFile; fileRef = 761780EC2CA45674006654EE /* AppDelegate.swift */; };
		7672059903CA4D279076B7E1 /* LatoLight.ttf in Resources */ = {isa = PBXBuildFile; fileRef = 61CD47E677394FF4ADA508E2 /* LatoLight.ttf */; };
		7B362ED6740441EC8E0A9C55 /* LocationBridge.swift in Sources */ = {isa = PBXBuildFile; fileRef = 1D9E8DAF09E64387876B214E /* LocationBridge.swift */; };
		7B362ED6740441EC8E0A9C56 /* LocationBridge.m in Sources */ = {isa = PBXBuildFile; fileRef = 1D9E8DAF09E64387876B214F /* LocationBridge.m */; };
		81AB9BB82411601600AC10FF /* LaunchScreen.storyboard in Resources */ = {isa = PBXBuildFile; fileRef = 81AB9BB72411601600AC10FF /* LaunchScreen.storyboard */; };
		A96CC4E34C7E4DF2B786D159 /* LatoBold.ttf in Resources */ = {isa = PBXBuildFile; fileRef = DFBF986AE00547709E438793 /* LatoBold.ttf */; };
		ACE642B0D7E249DB8C49027D /* DefaultsStore.swift in Sources */ = {isa = PBXBuildFile; fileRef = B740D00067F549348E3355EC /* DefaultsStore.swift */; };
		C2D0879A8F954A2B916ADAFB /* LatoRegular.ttf in Resources */ = {isa = PBXBuildFile; fileRef = A9E3C07455604CF09900CC11 /* LatoRegular.ttf */; };
		CDB88DAED74E4DF1B10A31DD /* LatoBlack.ttf in Resources */ = {isa = PBXBuildFile; fileRef = C93A5463CB0B46E1A16BD2EB /* LatoBlack.ttf */; };
		CE3093A7D4984E24871C9000 /* LatoItalic.ttf in Resources */ = {isa = PBXBuildFile; fileRef = 3E973BBF62874530BC5B24AC /* LatoItalic.ttf */; };
		FE53C99ED1734139AD5E9B36 /* LocationManager.swift in Sources */ = {isa = PBXBuildFile; fileRef = 7AE5AA8CA38245929F596A17 /* LocationManager.swift */; };
/* End PBXBuildFile section */

/* Begin PBXFileReference section */
		1058B9552FE2A31A007E7A8D /* GPSLogger.swift */ = {isa = PBXFileReference; lastKnownFileType = sourcecode.swift; path = GPSLogger.swift; sourceTree = "<group>"; };
		1058B9572FE2A53C007E7A8D /* LocationModeManager.swift */ = {isa = PBXFileReference; lastKnownFileType = sourcecode.swift; path = LocationModeManager.swift; sourceTree = "<group>"; };
		1058B9592FE2A6E9007E7A8D /* GPSTrackSmoother.swift */ = {isa = PBXFileReference; lastKnownFileType = sourcecode.swift; path = GPSTrackSmoother.swift; sourceTree = "<group>"; };
		1058B95B2FE2AB0C007E7A8D /* LocationPersistenceStore.swift */ = {isa = PBXFileReference; lastKnownFileType = sourcecode.swift; path = LocationPersistenceStore.swift; sourceTree = "<group>"; };
		1058B95D2FE2AB8D007E7A8D /* LocationUploader.swift */ = {isa = PBXFileReference; lastKnownFileType = sourcecode.swift; path = LocationUploader.swift; sourceTree = "<group>"; };
		1058B95F2FE2ABF1007E7A8D /* LocationFilterPipeline.swift */ = {isa = PBXFileReference; lastKnownFileType = sourcecode.swift; path = LocationFilterPipeline.swift; sourceTree = "<group>"; };
		1058B9612FE2AC86007E7A8D /* PreciseLocationAlertPresenter.swift */ = {isa = PBXFileReference; lastKnownFileType = sourcecode.swift; path = PreciseLocationAlertPresenter.swift; sourceTree = "<group>"; };
		1058B9632FE2AEA1007E7A8D /* PermissionGate.swift */ = {isa = PBXFileReference; lastKnownFileType = sourcecode.swift; path = PermissionGate.swift; sourceTree = "<group>"; };
		1058B9702FE2B000007E7A8D /* Log.swift */ = {isa = PBXFileReference; lastKnownFileType = sourcecode.swift; path = Log.swift; sourceTree = "<group>"; };
		1058B9722FE2B000007E7A8D /* URLRequest+cURL.swift */ = {isa = PBXFileReference; lastKnownFileType = sourcecode.swift; path = "URLRequest+cURL.swift"; sourceTree = "<group>"; };
		10D8ED092FEABB2D0059D8E6 /* LocationDataModel.xcdatamodel */ = {isa = PBXFileReference; lastKnownFileType = wrapper.xcdatamodel; path = LocationDataModel.xcdatamodel; sourceTree = "<group>"; };
		10E683082FEBCF5000C89361 /* GPSKalmanSmoother.swift */ = {isa = PBXFileReference; lastKnownFileType = sourcecode.swift; path = GPSKalmanSmoother.swift; sourceTree = "<group>"; };
		13B07F961A680F5B00A75B9A /* bbb_smart_system.app */ = {isa = PBXFileReference; explicitFileType = wrapper.application; includeInIndex = 0; path = bbb_smart_system.app; sourceTree = BUILT_PRODUCTS_DIR; };
		13B07FB51A68108700A75B9A /* Images.xcassets */ = {isa = PBXFileReference; lastKnownFileType = folder.assetcatalog; name = Images.xcassets; path = bbb_smart_system/Images.xcassets; sourceTree = "<group>"; };
		13B07FB61A68108700A75B9A /* Info.plist */ = {isa = PBXFileReference; fileEncoding = 4; lastKnownFileType = text.plist.xml; name = Info.plist; path = bbb_smart_system/Info.plist; sourceTree = "<group>"; };
		13B07FB81A68108700A75B9A /* PrivacyInfo.xcprivacy */ = {isa = PBXFileReference; fileEncoding = 4; lastKnownFileType = text.plist.xml; name = PrivacyInfo.xcprivacy; path = bbb_smart_system/PrivacyInfo.xcprivacy; sourceTree = "<group>"; };
		1CB549B0CF61C6D0309D8B84 /* Pods-bbb_smart_system.release.xcconfig */ = {isa = PBXFileReference; includeInIndex = 1; lastKnownFileType = text.xcconfig; name = "Pods-bbb_smart_system.release.xcconfig"; path = "Target Support Files/Pods-bbb_smart_system/Pods-bbb_smart_system.release.xcconfig"; sourceTree = "<group>"; };
		1D6D20E0E1EC4F45B07B9C93 /* StoredLocation.swift */ = {isa = PBXFileReference; lastKnownFileType = sourcecode.swift; path = StoredLocation.swift; sourceTree = "<group>"; };
		1D9E8DAF09E64387876B214E /* LocationBridge.swift */ = {isa = PBXFileReference; lastKnownFileType = sourcecode.swift; path = LocationBridge.swift; sourceTree = "<group>"; };
		1D9E8DAF09E64387876B214F /* LocationBridge.m */ = {isa = PBXFileReference; lastKnownFileType = sourcecode.c.objc; path = LocationBridge.m; sourceTree = "<group>"; };
		230B942AFE9B9881B09F5354 /* libPods-bbb_smart_system.a */ = {isa = PBXFileReference; explicitFileType = archive.ar; includeInIndex = 0; path = "libPods-bbb_smart_system.a"; sourceTree = BUILT_PRODUCTS_DIR; };
		3B4392A12AC88292D35C810B /* Pods-RNAuthApp.debug.xcconfig */ = {isa = PBXFileReference; includeInIndex = 1; lastKnownFileType = text.xcconfig; name = "Pods-RNAuthApp.debug.xcconfig"; path = "Target Support Files/Pods-RNAuthApp/Pods-RNAuthApp.debug.xcconfig"; sourceTree = "<group>"; };
		3E973BBF62874530BC5B24AC /* LatoItalic.ttf */ = {isa = PBXFileReference; explicitFileType = undefined; fileEncoding = 9; includeInIndex = 0; lastKnownFileType = unknown; name = LatoItalic.ttf; path = ../src/assets/fonts/LatoItalic.ttf; sourceTree = "<group>"; };
		5709B34CF0A7D63546082F79 /* Pods-RNAuthApp.release.xcconfig */ = {isa = PBXFileReference; includeInIndex = 1; lastKnownFileType = text.xcconfig; name = "Pods-RNAuthApp.release.xcconfig"; path = "Target Support Files/Pods-RNAuthApp/Pods-RNAuthApp.release.xcconfig"; sourceTree = "<group>"; };
		61CD47E677394FF4ADA508E2 /* LatoLight.ttf */ = {isa = PBXFileReference; explicitFileType = undefined; fileEncoding = 9; includeInIndex = 0; lastKnownFileType = unknown; name = LatoLight.ttf; path = ../src/assets/fonts/LatoLight.ttf; sourceTree = "<group>"; };
		761780EC2CA45674006654EE /* AppDelegate.swift */ = {isa = PBXFileReference; lastKnownFileType = sourcecode.swift; name = AppDelegate.swift; path = bbb_smart_system/AppDelegate.swift; sourceTree = "<group>"; };
		7AE5AA8CA38245929F596A17 /* LocationManager.swift */ = {isa = PBXFileReference; lastKnownFileType = sourcecode.swift; path = LocationManager.swift; sourceTree = "<group>"; };
		81AB9BB72411601600AC10FF /* LaunchScreen.storyboard */ = {isa = PBXFileReference; fileEncoding = 4; lastKnownFileType = file.storyboard; name = LaunchScreen.storyboard; path = bbb_smart_system/LaunchScreen.storyboard; sourceTree = "<group>"; };
		A9E3C07455604CF09900CC11 /* LatoRegular.ttf */ = {isa = PBXFileReference; explicitFileType = undefined; fileEncoding = 9; includeInIndex = 0; lastKnownFileType = unknown; name = LatoRegular.ttf; path = ../src/assets/fonts/LatoRegular.ttf; sourceTree = "<group>"; };
		AFFD73D52BA76DE62A5B9E07 /* Pods-bbb_smart_system.debug.xcconfig */ = {isa = PBXFileReference; includeInIndex = 1; lastKnownFileType = text.xcconfig; name = "Pods-bbb_smart_system.debug.xcconfig"; path = "Target Support Files/Pods-bbb_smart_system/Pods-bbb_smart_system.debug.xcconfig"; sourceTree = "<group>"; };
		B740D00067F549348E3355EC /* DefaultsStore.swift */ = {isa = PBXFileReference; lastKnownFileType = sourcecode.swift; path = DefaultsStore.swift; sourceTree = "<group>"; };
		C93A5463CB0B46E1A16BD2EB /* LatoBlack.ttf */ = {isa = PBXFileReference; explicitFileType = undefined; fileEncoding = 9; includeInIndex = 0; lastKnownFileType = unknown; name = LatoBlack.ttf; path = ../src/assets/fonts/LatoBlack.ttf; sourceTree = "<group>"; };
		DFBF986AE00547709E438793 /* LatoBold.ttf */ = {isa = PBXFileReference; explicitFileType = undefined; fileEncoding = 9; includeInIndex = 0; lastKnownFileType = unknown; name = LatoBold.ttf; path = ../src/assets/fonts/LatoBold.ttf; sourceTree = "<group>"; };
		ED297162215061F000B7C4FE /* JavaScriptCore.framework */ = {isa = PBXFileReference; lastKnownFileType = wrapper.framework; name = JavaScriptCore.framework; path = System/Library/Frameworks/JavaScriptCore.framework; sourceTree = SDKROOT; };
/* End PBXFileReference section */

/* Begin PBXFrameworksBuildPhase section */
		13B07F8C1A680F5B00A75B9A /* Frameworks */ = {
			isa = PBXFrameworksBuildPhase;
			buildActionMask = 2147483647;
			files = (
				6DAA43B9C247F1795AB3472F /* libPods-bbb_smart_system.a in Frameworks */,
			);
			runOnlyForDeploymentPostprocessing = 0;
		};
/* End PBXFrameworksBuildPhase section */

/* Begin PBXGroup section */
		1058B9742FE2B000007E7A8D /* Logging */ = {
			isa = PBXGroup;
			children = (
				1058B9702FE2B000007E7A8D /* Log.swift */,
				1058B9722FE2B000007E7A8D /* URLRequest+cURL.swift */,
			);
			path = Logging;
			sourceTree = "<group>";
		};
		13B07FAE1A68108700A75B9A /* bbb_smart_system */ = {
			isa = PBXGroup;
			children = (
				13B07FB51A68108700A75B9A /* Images.xcassets */,
				761780EC2CA45674006654EE /* AppDelegate.swift */,
				13B07FB61A68108700A75B9A /* Info.plist */,
				81AB9BB72411601600AC10FF /* LaunchScreen.storyboard */,
				13B07FB81A68108700A75B9A /* PrivacyInfo.xcprivacy */,
				B740D00067F549348E3355EC /* DefaultsStore.swift */,
				BB7D67934E50471FADD9E7AF /* Bridge */,
				AA5A7AF5D9E24FDC8A40D515 /* Location */,
				E357E23090BB43BAAC49A38B /* GPS */,
				7456A0A6A97D4F3B8604D078 /* Permissions */,
				1058B9742FE2B000007E7A8D /* Logging */,
			);
			name = bbb_smart_system;
			sourceTree = "<group>";
		};
		2D16E6871FA4F8E400B85C8A /* Frameworks */ = {
			isa = PBXGroup;
			children = (
				ED297162215061F000B7C4FE /* JavaScriptCore.framework */,
				230B942AFE9B9881B09F5354 /* libPods-bbb_smart_system.a */,
			);
			name = Frameworks;
			sourceTree = "<group>";
		};
		7456A0A6A97D4F3B8604D078 /* Permissions */ = {
			isa = PBXGroup;
			children = (
				1058B9632FE2AEA1007E7A8D /* PermissionGate.swift */,
				1058B9612FE2AC86007E7A8D /* PreciseLocationAlertPresenter.swift */,
			);
			path = Permissions;
			sourceTree = "<group>";
		};
		832341AE1AAA6A7D00B99B32 /* Libraries */ = {
			isa = PBXGroup;
			children = (
			);
			name = Libraries;
			sourceTree = "<group>";
		};
		83CBB9F61A601CBA00E9B192 = {
			isa = PBXGroup;
			children = (
				13B07FAE1A68108700A75B9A /* bbb_smart_system */,
				832341AE1AAA6A7D00B99B32 /* Libraries */,
				83CBBA001A601CBA00E9B192 /* Products */,
				2D16E6871FA4F8E400B85C8A /* Frameworks */,
				BBD78D7AC51CEA395F1C20DB /* Pods */,
				E1D8392844F5470AA0F47380 /* Resources */,
			);
			indentWidth = 2;
			sourceTree = "<group>";
			tabWidth = 2;
			usesTabs = 0;
		};
		83CBBA001A601CBA00E9B192 /* Products */ = {
			isa = PBXGroup;
			children = (
				13B07F961A680F5B00A75B9A /* bbb_smart_system.app */,
			);
			name = Products;
			sourceTree = "<group>";
		};
		AA5A7AF5D9E24FDC8A40D515 /* Location */ = {
			isa = PBXGroup;
			children = (
				7AE5AA8CA38245929F596A17 /* LocationManager.swift */,
				1058B95F2FE2ABF1007E7A8D /* LocationFilterPipeline.swift */,
				1058B95D2FE2AB8D007E7A8D /* LocationUploader.swift */,
				1058B95B2FE2AB0C007E7A8D /* LocationPersistenceStore.swift */,
				1D6D20E0E1EC4F45B07B9C93 /* StoredLocation.swift */,
				10D8ED082FEABB2D0059D8E6 /* LocationDataModel.xcdatamodeld */,
			);
			path = Location;
			sourceTree = "<group>";
		};
		BB7D67934E50471FADD9E7AF /* Bridge */ = {
			isa = PBXGroup;
			children = (
				1D9E8DAF09E64387876B214E /* LocationBridge.swift */,
				1D9E8DAF09E64387876B214F /* LocationBridge.m */,
			);
			path = Bridge;
			sourceTree = "<group>";
		};
		BBD78D7AC51CEA395F1C20DB /* Pods */ = {
			isa = PBXGroup;
			children = (
				3B4392A12AC88292D35C810B /* Pods-RNAuthApp.debug.xcconfig */,
				5709B34CF0A7D63546082F79 /* Pods-RNAuthApp.release.xcconfig */,
				AFFD73D52BA76DE62A5B9E07 /* Pods-bbb_smart_system.debug.xcconfig */,
				1CB549B0CF61C6D0309D8B84 /* Pods-bbb_smart_system.release.xcconfig */,
			);
			path = Pods;
			sourceTree = "<group>";
		};
		E1D8392844F5470AA0F47380 /* Resources */ = {
			isa = PBXGroup;
			children = (
				3E973BBF62874530BC5B24AC /* LatoItalic.ttf */,
				61CD47E677394FF4ADA508E2 /* LatoLight.ttf */,
				DFBF986AE00547709E438793 /* LatoBold.ttf */,
				C93A5463CB0B46E1A16BD2EB /* LatoBlack.ttf */,
				A9E3C07455604CF09900CC11 /* LatoRegular.ttf */,
			);
			name = Resources;
			sourceTree = "<group>";
		};
		E357E23090BB43BAAC49A38B /* GPS */ = {
			isa = PBXGroup;
			children = (
				10E683082FEBCF5000C89361 /* GPSKalmanSmoother.swift */,
				1058B9552FE2A31A007E7A8D /* GPSLogger.swift */,
				1058B9572FE2A53C007E7A8D /* LocationModeManager.swift */,
				1058B9592FE2A6E9007E7A8D /* GPSTrackSmoother.swift */,
			);
			path = GPS;
			sourceTree = "<group>";
		};
/* End PBXGroup section */

/* Begin PBXNativeTarget section */
		13B07F861A680F5B00A75B9A /* bbb_smart_system */ = {
			isa = PBXNativeTarget;
			buildConfigurationList = 13B07F931A680F5B00A75B9A /* Build configuration list for PBXNativeTarget "bbb_smart_system" */;
			buildPhases = (
				C38B50BA6285516D6DCD4F65 /* [CP] Check Pods Manifest.lock */,
				13B07F871A680F5B00A75B9A /* Sources */,
				13B07F8C1A680F5B00A75B9A /* Frameworks */,
				13B07F8E1A680F5B00A75B9A /* Resources */,
				10D8ED0B2FEACBCD0059D8E6 /* Start Metro */,
				00DD1BFF1BD5951E006B06BC /* Bundle React Native code and images */,
				00EEFC60759A1932668264C0 /* [CP] Embed Pods Frameworks */,
				E235C05ADACE081382539298 /* [CP] Copy Pods Resources */,
			);
			buildRules = (
			);
			dependencies = (
			);
			name = bbb_smart_system;
			productName = bbb_smart_system;
			productReference = 13B07F961A680F5B00A75B9A /* bbb_smart_system.app */;
			productType = "com.apple.product-type.application";
		};
/* End PBXNativeTarget section */

/* Begin PBXProject section */
		83CBB9F71A601CBA00E9B192 /* Project object */ = {
			isa = PBXProject;
			attributes = {
				LastUpgradeCheck = 1210;
				TargetAttributes = {
					13B07F861A680F5B00A75B9A = {
						LastSwiftMigration = 1120;
					};
				};
			};
			buildConfigurationList = 83CBB9FA1A601CBA00E9B192 /* Build configuration list for PBXProject "bbb_smart_system" */;
			compatibilityVersion = "Xcode 12.0";
			developmentRegion = en;
			hasScannedForEncodings = 0;
			knownRegions = (
				en,
				Base,
			);
			mainGroup = 83CBB9F61A601CBA00E9B192;
			productRefGroup = 83CBBA001A601CBA00E9B192 /* Products */;
			projectDirPath = "";
			projectRoot = "";
			targets = (
				13B07F861A680F5B00A75B9A /* bbb_smart_system */,
			);
		};
/* End PBXProject section */

/* Begin PBXResourcesBuildPhase section */
		13B07F8E1A680F5B00A75B9A /* Resources */ = {
			isa = PBXResourcesBuildPhase;
			buildActionMask = 2147483647;
			files = (
				81AB9BB82411601600AC10FF /* LaunchScreen.storyboard in Resources */,
				13B07FBF1A68108700A75B9A /* Images.xcassets in Resources */,
				68E9D63A51E82699821398A5 /* PrivacyInfo.xcprivacy in Resources */,
				CE3093A7D4984E24871C9000 /* LatoItalic.ttf in Resources */,
				7672059903CA4D279076B7E1 /* LatoLight.ttf in Resources */,
				A96CC4E34C7E4DF2B786D159 /* LatoBold.ttf in Resources */,
				CDB88DAED74E4DF1B10A31DD /* LatoBlack.ttf in Resources */,
				C2D0879A8F954A2B916ADAFB /* LatoRegular.ttf in Resources */,
			);
			runOnlyForDeploymentPostprocessing = 0;
		};
/* End PBXResourcesBuildPhase section */

/* Begin PBXShellScriptBuildPhase section */
		00DD1BFF1BD5951E006B06BC /* Bundle React Native code and images */ = {
			isa = PBXShellScriptBuildPhase;
			buildActionMask = 2147483647;
			files = (
			);
			inputPaths = (
				"$(SRCROOT)/.xcode.env.local",
				"$(SRCROOT)/.xcode.env",
			);
			name = "Bundle React Native code and images";
			outputPaths = (
			);
			runOnlyForDeploymentPostprocessing = 0;
			shellPath = /bin/sh;
			shellScript = "set -e\n\nWITH_ENVIRONMENT=\"$REACT_NATIVE_PATH/scripts/xcode/with-environment.sh\"\nREACT_NATIVE_XCODE=\"$REACT_NATIVE_PATH/scripts/react-native-xcode.sh\"\n\n/bin/sh -c \"\\\"$WITH_ENVIRONMENT\\\" \\\"$REACT_NATIVE_XCODE\\\"\"\n";
		};
		00EEFC60759A1932668264C0 /* [CP] Embed Pods Frameworks */ = {
			isa = PBXShellScriptBuildPhase;
			buildActionMask = 2147483647;
			files = (
			);
			inputFileListPaths = (
				"${PODS_ROOT}/Target Support Files/Pods-bbb_smart_system/Pods-bbb_smart_system-frameworks-${CONFIGURATION}-input-files.xcfilelist",
			);
			inputPaths = (
			);
			name = "[CP] Embed Pods Frameworks";
			outputFileListPaths = (
				"${PODS_ROOT}/Target Support Files/Pods-bbb_smart_system/Pods-bbb_smart_system-frameworks-${CONFIGURATION}-output-files.xcfilelist",
			);
			outputPaths = (
			);
			runOnlyForDeploymentPostprocessing = 0;
			shellPath = /bin/sh;
			shellScript = "\"${PODS_ROOT}/Target Support Files/Pods-bbb_smart_system/Pods-bbb_smart_system-frameworks.sh\"\n";
			showEnvVarsInLog = 0;
		};
		10D8ED0B2FEACBCD0059D8E6 /* Start Metro */ = {
			isa = PBXShellScriptBuildPhase;
			alwaysOutOfDate = 1;
			buildActionMask = 2147483647;
			files = (
			);
			inputFileListPaths = (
			);
			inputPaths = (
			);
			name = "Start Metro";
			outputFileListPaths = (
			);
			outputPaths = (
			);
			runOnlyForDeploymentPostprocessing = 0;
			shellPath = /bin/sh;
			shellScript = "\"$SRCROOT/../scripts/start-metro-if-needed.sh\"\n";
		};
		C38B50BA6285516D6DCD4F65 /* [CP] Check Pods Manifest.lock */ = {
			isa = PBXShellScriptBuildPhase;
			buildActionMask = 2147483647;
			files = (
			);
			inputFileListPaths = (
			);
			inputPaths = (
				"${PODS_PODFILE_DIR_PATH}/Podfile.lock",
				"${PODS_ROOT}/Manifest.lock",
			);
			name = "[CP] Check Pods Manifest.lock";
			outputFileListPaths = (
			);
			outputPaths = (
				"$(DERIVED_FILE_DIR)/Pods-bbb_smart_system-checkManifestLockResult.txt",
			);
			runOnlyForDeploymentPostprocessing = 0;
			shellPath = /bin/sh;
			shellScript = "diff \"${PODS_PODFILE_DIR_PATH}/Podfile.lock\" \"${PODS_ROOT}/Manifest.lock\" > /dev/null\nif [ $? != 0 ] ; then\n    # print error to STDERR\n    echo \"error: The sandbox is not in sync with the Podfile.lock. Run 'pod install' or update your CocoaPods installation.\" >&2\n    exit 1\nfi\n# This output is used by Xcode 'outputs' to avoid re-running this script phase.\necho \"SUCCESS\" > \"${SCRIPT_OUTPUT_FILE_0}\"\n";
			showEnvVarsInLog = 0;
		};
		E235C05ADACE081382539298 /* [CP] Copy Pods Resources */ = {
			isa = PBXShellScriptBuildPhase;
			buildActionMask = 2147483647;
			files = (
			);
			inputFileListPaths = (
				"${PODS_ROOT}/Target Support Files/Pods-bbb_smart_system/Pods-bbb_smart_system-resources-${CONFIGURATION}-input-files.xcfilelist",
			);
			inputPaths = (
			);
			name = "[CP] Copy Pods Resources";
			outputFileListPaths = (
				"${PODS_ROOT}/Target Support Files/Pods-bbb_smart_system/Pods-bbb_smart_system-resources-${CONFIGURATION}-output-files.xcfilelist",
			);
			outputPaths = (
			);
			runOnlyForDeploymentPostprocessing = 0;
			shellPath = /bin/sh;
			shellScript = "\"${PODS_ROOT}/Target Support Files/Pods-bbb_smart_system/Pods-bbb_smart_system-resources.sh\"\n";
			showEnvVarsInLog = 0;
		};
/* End PBXShellScriptBuildPhase section */

/* Begin PBXSourcesBuildPhase section */
		13B07F871A680F5B00A75B9A /* Sources */ = {
			isa = PBXSourcesBuildPhase;
			buildActionMask = 2147483647;
			files = (
				1058B95C2FE2AB0C007E7A8D /* LocationPersistenceStore.swift in Sources */,
				10E683092FEBCF5000C89361 /* GPSKalmanSmoother.swift in Sources */,
				761780ED2CA45674006654EE /* AppDelegate.swift in Sources */,
				ACE642B0D7E249DB8C49027D /* DefaultsStore.swift in Sources */,
				1058B9642FE2AEA1007E7A8D /* PermissionGate.swift in Sources */,
				1058B9582FE2A53C007E7A8D /* LocationModeManager.swift in Sources */,
				56A35D1A0F834D6EB3CC011D /* StoredLocation.swift in Sources */,
				1058B9562FE2A31A007E7A8D /* GPSLogger.swift in Sources */,
				1058B95A2FE2A6E9007E7A8D /* GPSTrackSmoother.swift in Sources */,
				1058B9622FE2AC86007E7A8D /* PreciseLocationAlertPresenter.swift in Sources */,
				10D8ED0A2FEABB2D0059D8E6 /* LocationDataModel.xcdatamodeld in Sources */,
				FE53C99ED1734139AD5E9B36 /* LocationManager.swift in Sources */,
				1058B9602FE2ABF1007E7A8D /* LocationFilterPipeline.swift in Sources */,
				7B362ED6740441EC8E0A9C55 /* LocationBridge.swift in Sources */,
				7B362ED6740441EC8E0A9C56 /* LocationBridge.m in Sources */,
				1058B95E2FE2AB8D007E7A8D /* LocationUploader.swift in Sources */,
				1058B9712FE2B000007E7A8D /* Log.swift in Sources */,
				1058B9732FE2B000007E7A8D /* URLRequest+cURL.swift in Sources */,
			);
			runOnlyForDeploymentPostprocessing = 0;
		};
/* End PBXSourcesBuildPhase section */

/* Begin XCBuildConfiguration section */
		13B07F941A680F5B00A75B9A /* Debug */ = {
			isa = XCBuildConfiguration;
			baseConfigurationReference = AFFD73D52BA76DE62A5B9E07 /* Pods-bbb_smart_system.debug.xcconfig */;
			buildSettings = {
				ASSETCATALOG_COMPILER_APPICON_NAME = AppIcon;
				CLANG_ENABLE_MODULES = YES;
				CURRENT_PROJECT_VERSION = 1;
				DEVELOPMENT_TEAM = ZP9Y9QWNTN;
				ENABLE_BITCODE = NO;
				INFOPLIST_FILE = bbb_smart_system/Info.plist;
				IPHONEOS_DEPLOYMENT_TARGET = 15.1;
				LD_RUNPATH_SEARCH_PATHS = (
					"$(inherited)",
					"@executable_path/Frameworks",
				);
				MARKETING_VERSION = 1.0;
				OTHER_LDFLAGS = (
					"$(inherited)",
					"-ObjC",
					"-lc++",
				);
				PRODUCT_BUNDLE_IDENTIFIER = com.blockbyblock.smartsystem2cube;
				PRODUCT_NAME = bbb_smart_system;
				SUPPORTED_PLATFORMS = "iphoneos iphonesimulator";
				SWIFT_OPTIMIZATION_LEVEL = "-Onone";
				SWIFT_VERSION = 5.0;
				TARGETED_DEVICE_FAMILY = "1,2";
				VERSIONING_SYSTEM = "apple-generic";
			};
			name = Debug;
		};
		13B07F951A680F5B00A75B9A /* Release */ = {
			isa = XCBuildConfiguration;
			baseConfigurationReference = 1CB549B0CF61C6D0309D8B84 /* Pods-bbb_smart_system.release.xcconfig */;
			buildSettings = {
				ASSETCATALOG_COMPILER_APPICON_NAME = AppIcon;
				CLANG_ENABLE_MODULES = YES;
				CURRENT_PROJECT_VERSION = 1;
				DEVELOPMENT_TEAM = ZP9Y9QWNTN;
				INFOPLIST_FILE = bbb_smart_system/Info.plist;
				IPHONEOS_DEPLOYMENT_TARGET = 15.1;
				LD_RUNPATH_SEARCH_PATHS = (
					"$(inherited)",
					"@executable_path/Frameworks",
				);
				MARKETING_VERSION = 1.0;
				OTHER_LDFLAGS = (
					"$(inherited)",
					"-ObjC",
					"-lc++",
				);
				PRODUCT_BUNDLE_IDENTIFIER = com.blockbyblock.smartsystem2cube;
				PRODUCT_NAME = bbb_smart_system;
				SUPPORTED_PLATFORMS = "iphoneos iphonesimulator";
				SWIFT_VERSION = 5.0;
				TARGETED_DEVICE_FAMILY = "1,2";
				VERSIONING_SYSTEM = "apple-generic";
			};
			name = Release;
		};
		83CBBA201A601CBA00E9B192 /* Debug */ = {
			isa = XCBuildConfiguration;
			buildSettings = {
				ALWAYS_SEARCH_USER_PATHS = NO;
				CLANG_ANALYZER_LOCALIZABILITY_NONLOCALIZED = YES;
				CLANG_CXX_LANGUAGE_STANDARD = "c++20";
				CLANG_CXX_LIBRARY = "libc++";
				CLANG_ENABLE_MODULES = YES;
				CLANG_ENABLE_OBJC_ARC = YES;
				CLANG_WARN_BLOCK_CAPTURE_AUTORELEASING = YES;
				CLANG_WARN_BOOL_CONVERSION = YES;
				CLANG_WARN_COMMA = YES;
				CLANG_WARN_CONSTANT_CONVERSION = YES;
				CLANG_WARN_DEPRECATED_OBJC_IMPLEMENTATIONS = YES;
				CLANG_WARN_DIRECT_OBJC_ISA_USAGE = YES_ERROR;
				CLANG_WARN_EMPTY_BODY = YES;
				CLANG_WARN_ENUM_CONVERSION = YES;
				CLANG_WARN_INFINITE_RECURSION = YES;
				CLANG_WARN_INT_CONVERSION = YES;
				CLANG_WARN_NON_LITERAL_NULL_CONVERSION = YES;
				CLANG_WARN_OBJC_IMPLICIT_RETAIN_SELF = YES;
				CLANG_WARN_OBJC_LITERAL_CONVERSION = YES;
				CLANG_WARN_OBJC_ROOT_CLASS = YES_ERROR;
				CLANG_WARN_QUOTED_INCLUDE_IN_FRAMEWORK_HEADER = YES;
				CLANG_WARN_RANGE_LOOP_ANALYSIS = YES;
				CLANG_WARN_STRICT_PROTOTYPES = YES;
				CLANG_WARN_SUSPICIOUS_MOVE = YES;
				CLANG_WARN_UNREACHABLE_CODE = YES;
				CLANG_WARN__DUPLICATE_METHOD_MATCH = YES;
				"CODE_SIGN_IDENTITY[sdk=iphoneos*]" = "iPhone Developer";
				COPY_PHASE_STRIP = NO;
				ENABLE_STRICT_OBJC_MSGSEND = YES;
				ENABLE_TESTABILITY = YES;
				"EXCLUDED_ARCHS[sdk=iphonesimulator*]" = "";
				GCC_C_LANGUAGE_STANDARD = gnu99;
				GCC_DYNAMIC_NO_PIC = NO;
				GCC_NO_COMMON_BLOCKS = YES;
				GCC_OPTIMIZATION_LEVEL = 0;
				GCC_PREPROCESSOR_DEFINITIONS = (
					"DEBUG=1",
					"$(inherited)",
				);
				GCC_SYMBOLS_PRIVATE_EXTERN = NO;
				GCC_WARN_64_TO_32_BIT_CONVERSION = YES;
				GCC_WARN_ABOUT_RETURN_TYPE = YES_ERROR;
				GCC_WARN_UNDECLARED_SELECTOR = YES;
				GCC_WARN_UNINITIALIZED_AUTOS = YES_AGGRESSIVE;
				GCC_WARN_UNUSED_FUNCTION = YES;
				GCC_WARN_UNUSED_VARIABLE = YES;
				IPHONEOS_DEPLOYMENT_TARGET = 15.1;
				LD_RUNPATH_SEARCH_PATHS = (
					/usr/lib/swift,
					"$(inherited)",
				);
				LIBRARY_SEARCH_PATHS = (
					"\"$(SDKROOT)/usr/lib/swift\"",
					"\"$(TOOLCHAIN_DIR)/usr/lib/swift/$(PLATFORM_NAME)\"",
					"\"$(inherited)\"",
				);
				MTL_ENABLE_DEBUG_INFO = YES;
				ONLY_ACTIVE_ARCH = YES;
				OTHER_CFLAGS = (
					"$(inherited)",
					"-DRCT_REMOVE_LEGACY_ARCH=1",
				);
				OTHER_CPLUSPLUSFLAGS = (
					"$(OTHER_CFLAGS)",
					"-DFOLLY_NO_CONFIG",
					"-DFOLLY_MOBILE=1",
					"-DFOLLY_USE_LIBCPP=1",
					"-DFOLLY_CFG_NO_COROUTINES=1",
					"-DFOLLY_HAVE_CLOCK_GETTIME=1",
					"-DRCT_REMOVE_LEGACY_ARCH=1",
				);
				REACT_NATIVE_PATH = "${PODS_ROOT}/../../node_modules/react-native";
				SDKROOT = iphoneos;
				SWIFT_ACTIVE_COMPILATION_CONDITIONS = "$(inherited) DEBUG";
				SWIFT_ENABLE_EXPLICIT_MODULES = NO;
				USE_HERMES = true;
			};
			name = Debug;
		};
		83CBBA211A601CBA00E9B192 /* Release */ = {
			isa = XCBuildConfiguration;
			buildSettings = {
				ALWAYS_SEARCH_USER_PATHS = NO;
				CLANG_ANALYZER_LOCALIZABILITY_NONLOCALIZED = YES;
				CLANG_CXX_LANGUAGE_STANDARD = "c++20";
				CLANG_CXX_LIBRARY = "libc++";
				CLANG_ENABLE_MODULES = YES;
				CLANG_ENABLE_OBJC_ARC = YES;
				CLANG_WARN_BLOCK_CAPTURE_AUTORELEASING = YES;
				CLANG_WARN_BOOL_CONVERSION = YES;
				CLANG_WARN_COMMA = YES;
				CLANG_WARN_CONSTANT_CONVERSION = YES;
				CLANG_WARN_DEPRECATED_OBJC_IMPLEMENTATIONS = YES;
				CLANG_WARN_DIRECT_OBJC_ISA_USAGE = YES_ERROR;
				CLANG_WARN_EMPTY_BODY = YES;
				CLANG_WARN_ENUM_CONVERSION = YES;
				CLANG_WARN_INFINITE_RECURSION = YES;
				CLANG_WARN_INT_CONVERSION = YES;
				CLANG_WARN_NON_LITERAL_NULL_CONVERSION = YES;
				CLANG_WARN_OBJC_IMPLICIT_RETAIN_SELF = YES;
				CLANG_WARN_OBJC_LITERAL_CONVERSION = YES;
				CLANG_WARN_OBJC_ROOT_CLASS = YES_ERROR;
				CLANG_WARN_QUOTED_INCLUDE_IN_FRAMEWORK_HEADER = YES;
				CLANG_WARN_RANGE_LOOP_ANALYSIS = YES;
				CLANG_WARN_STRICT_PROTOTYPES = YES;
				CLANG_WARN_SUSPICIOUS_MOVE = YES;
				CLANG_WARN_UNREACHABLE_CODE = YES;
				CLANG_WARN__DUPLICATE_METHOD_MATCH = YES;
				"CODE_SIGN_IDENTITY[sdk=iphoneos*]" = "iPhone Developer";
				COPY_PHASE_STRIP = YES;
				ENABLE_NS_ASSERTIONS = NO;
				ENABLE_STRICT_OBJC_MSGSEND = YES;
				"EXCLUDED_ARCHS[sdk=iphonesimulator*]" = "";
				GCC_C_LANGUAGE_STANDARD = gnu99;
				GCC_NO_COMMON_BLOCKS = YES;
				GCC_WARN_64_TO_32_BIT_CONVERSION = YES;
				GCC_WARN_ABOUT_RETURN_TYPE = YES_ERROR;
				GCC_WARN_UNDECLARED_SELECTOR = YES;
				GCC_WARN_UNINITIALIZED_AUTOS = YES_AGGRESSIVE;
				GCC_WARN_UNUSED_FUNCTION = YES;
				GCC_WARN_UNUSED_VARIABLE = YES;
				IPHONEOS_DEPLOYMENT_TARGET = 15.1;
				LD_RUNPATH_SEARCH_PATHS = (
					/usr/lib/swift,
					"$(inherited)",
				);
				LIBRARY_SEARCH_PATHS = (
					"\"$(SDKROOT)/usr/lib/swift\"",
					"\"$(TOOLCHAIN_DIR)/usr/lib/swift/$(PLATFORM_NAME)\"",
					"\"$(inherited)\"",
				);
				MTL_ENABLE_DEBUG_INFO = NO;
				OTHER_CFLAGS = (
					"$(inherited)",
					"-DRCT_REMOVE_LEGACY_ARCH=1",
				);
				OTHER_CPLUSPLUSFLAGS = (
					"$(OTHER_CFLAGS)",
					"-DFOLLY_NO_CONFIG",
					"-DFOLLY_MOBILE=1",
					"-DFOLLY_USE_LIBCPP=1",
					"-DFOLLY_CFG_NO_COROUTINES=1",
					"-DFOLLY_HAVE_CLOCK_GETTIME=1",
					"-DRCT_REMOVE_LEGACY_ARCH=1",
				);
				REACT_NATIVE_PATH = "${PODS_ROOT}/../../node_modules/react-native";
				SDKROOT = iphoneos;
				SWIFT_ENABLE_EXPLICIT_MODULES = NO;
				USE_HERMES = true;
				VALIDATE_PRODUCT = YES;
			};
			name = Release;
		};
/* End XCBuildConfiguration section */

/* Begin XCConfigurationList section */
		13B07F931A680F5B00A75B9A /* Build configuration list for PBXNativeTarget "bbb_smart_system" */ = {
			isa = XCConfigurationList;
			buildConfigurations = (
				13B07F941A680F5B00A75B9A /* Debug */,
				13B07F951A680F5B00A75B9A /* Release */,
			);
			defaultConfigurationIsVisible = 0;
			defaultConfigurationName = Release;
		};
		83CBB9FA1A601CBA00E9B192 /* Build configuration list for PBXProject "bbb_smart_system" */ = {
			isa = XCConfigurationList;
			buildConfigurations = (
				83CBBA201A601CBA00E9B192 /* Debug */,
				83CBBA211A601CBA00E9B192 /* Release */,
			);
			defaultConfigurationIsVisible = 0;
			defaultConfigurationName = Release;
		};
/* End XCConfigurationList section */

/* Begin XCVersionGroup section */
		10D8ED082FEABB2D0059D8E6 /* LocationDataModel.xcdatamodeld */ = {
			isa = XCVersionGroup;
			children = (
				10D8ED092FEABB2D0059D8E6 /* LocationDataModel.xcdatamodel */,
			);
			currentVersion = 10D8ED092FEABB2D0059D8E6 /* LocationDataModel.xcdatamodel */;
			path = LocationDataModel.xcdatamodeld;
			sourceTree = "<group>";
			versionGroupType = wrapper.xcdatamodel;
		};
/* End XCVersionGroup section */
	};
	rootObject = 83CBB9F71A601CBA00E9B192 /* Project object */;
}
